
Microsoft Visual Studio Solution File, Format Version 12.00
# Visual Studio Version 16
VisualStudioVersion = 16.0.30907.101
MinimumVisualStudioVersion = 10.0.40219.1
Project("{8BC9CEB8-8B4A-11D0-8D11-00A0C91BC942}") = "Injector", "Injector\Injector.vcxproj", "{9E33F9F9-4562-459C-BE79-C724CD3C39F4}"
EndProject
Project("{8BC9CEB8-8B4A-11D0-8D11-00A0C91BC942}") = "KakaoTalk Image Crawler", "KakaoTalk Image Crawler\KakaoTalk Image Crawler.vcxproj", "{785F3658-EFDB-4D1C-9660-B620F27012C7}"
EndProject
Project("{8BC9CEB8-8B4A-11D0-8D11-00A0C91BC942}") = "BlackBone", "Blackbone\src\BlackBone\BlackBone.vcxproj", "{A2C53563-46F5-4D87-903F-3F1F2FDB2DEB}"
EndProject
Global
	GlobalSection(SolutionConfigurationPlatforms) = preSolution
		Debug(DLL)|Win32 = Debug(DLL)|Win32
		Debug(DLL)|x64 = Debug(DLL)|x64
		Debug(DLL)|x86 = Debug(DLL)|x86
		Debug(XP)|Win32 = Debug(XP)|Win32
		Debug(XP)|x64 = Debug(XP)|x64
		Debug(XP)|x86 = Debug(XP)|x86
		Debug|Win32 = Debug|Win32
		Debug|x64 = Debug|x64
		Debug|x86 = Debug|x86
		Release(DLL)|Win32 = Release(DLL)|Win32
		Release(DLL)|x64 = Release(DLL)|x64
		Release(DLL)|x86 = Release(DLL)|x86
		Release(XP)|Win32 = Release(XP)|Win32
		Release(XP)|x64 = Release(XP)|x64
		Release(XP)|x86 = Release(XP)|x86
		Release|Win32 = Release|Win32
		Release|x64 = Release|x64
		Release|x86 = Release|x86
	EndGlobalSection
	GlobalSection(ProjectConfigurationPlatforms) = postSolution
		{9E33F9F9-4562-459C-BE79-C724CD3C39F4}.Debug(DLL)|Win32.ActiveCfg = Debug|Win32
		{9E33F9F9-4562-459C-BE79-C724CD3C39F4}.Debug(DLL)|Win32.Build.0 = Debug|Win32
		{9E33F9F9-4562-459C-BE79-C724CD3C39F4}.Debug(DLL)|x64.ActiveCfg = Debug|x64
		{9E33F9F9-4562-459C-BE79-C724CD3C39F4}.Debug(DLL)|x64.Build.0 = Debug|x64
		{9E33F9F9-4562-459C-BE79-C724CD3C39F4}.Debug(DLL)|x86.ActiveCfg = Debug|Win32
		{9E33F9F9-4562-459C-BE79-C724CD3C39F4}.Debug(DLL)|x86.Build.0 = Debug|Win32
		{9E33F9F9-4562-459C-BE79-C724CD3C39F4}.Debug(XP)|Win32.ActiveCfg = Debug|Win32
		{9E33F9F9-4562-459C-BE79-C724CD3C39F4}.Debug(XP)|Win32.Build.0 = Debug|Win32
		{9E33F9F9-4562-459C-BE79-C724CD3C39F4}.Debug(XP)|x64.ActiveCfg = Debug|x64
		{9E33F9F9-4562-459C-BE79-C724CD3C39F4}.Debug(XP)|x64.Build.0 = Debug|x64
		{9E33F9F9-4562-459C-BE79-C724CD3C39F4}.Debug(XP)|x86.ActiveCfg = Debug|Win32
		{9E33F9F9-4562-459C-BE79-C724CD3C39F4}.Debug(XP)|x86.Build.0 = Debug|Win32
		{9E33F9F9-4562-459C-BE79-C724CD3C39F4}.Debug|Win32.ActiveCfg = Debug|Win32
		{9E33F9F9-4562-459C-BE79-C724CD3C39F4}.Debug|Win32.Build.0 = Debug|Win32
		{9E33F9F9-4562-459C-BE79-C724CD3C39F4}.Debug|x64.ActiveCfg = Debug|x64
		{9E33F9F9-4562-459C-BE79-C724CD3C39F4}.Debug|x64.Build.0 = Debug|x64
		{9E33F9F9-4562-459C-BE79-C724CD3C39F4}.Debug|x86.ActiveCfg = Debug|Win32
		{9E33F9F9-4562-459C-BE79-C724CD3C39F4}.Debug|x86.Build.0 = Debug|Win32
		{9E33F9F9-4562-459C-BE79-C724CD3C39F4}.Release(DLL)|Win32.ActiveCfg = Release|Win32
		{9E33F9F9-4562-459C-BE79-C724CD3C39F4}.Release(DLL)|Win32.Build.0 = Release|Win32
		{9E33F9F9-4562-459C-BE79-C724CD3C39F4}.Release(DLL)|x64.ActiveCfg = Release|x64
		{9E33F9F9-4562-459C-BE79-C724CD3C39F4}.Release(DLL)|x64.Build.0 = Release|x64
		{9E33F9F9-4562-459C-BE79-C724CD3C39F4}.Release(DLL)|x86.ActiveCfg = Release|Win32
		{9E33F9F9-4562-459C-BE79-C724CD3C39F4}.Release(DLL)|x86.Build.0 = Release|Win32
		{9E33F9F9-4562-459C-BE79-C724CD3C39F4}.Release(XP)|Win32.ActiveCfg = Release|Win32
		{9E33F9F9-4562-459C-BE79-C724CD3C39F4}.Release(XP)|Win32.Build.0 = Release|Win32
		{9E33F9F9-4562-459C-BE79-C724CD3C39F4}.Release(XP)|x64.ActiveCfg = Release|x64
		{9E33F9F9-4562-459C-BE79-C724CD3C39F4}.Release(XP)|x64.Build.0 = Release|x64
		{9E33F9F9-4562-459C-BE79-C724CD3C39F4}.Release(XP)|x86.ActiveCfg = Release|Win32
		{9E33F9F9-4562-459C-BE79-C724CD3C39F4}.Release(XP)|x86.Build.0 = Release|Win32
		{9E33F9F9-4562-459C-BE79-C724CD3C39F4}.Release|Win32.ActiveCfg = Release|Win32
		{9E33F9F9-4562-459C-BE79-C724CD3C39F4}.Release|Win32.Build.0 = Release|Win32
		{9E33F9F9-4562-459C-BE79-C724CD3C39F4}.Release|x64.ActiveCfg = Release|x64
		{9E33F9F9-4562-459C-BE79-C724CD3C39F4}.Release|x64.Build.0 = Release|x64
		{9E33F9F9-4562-459C-BE79-C724CD3C39F4}.Release|x86.ActiveCfg = Release|Win32
		{9E33F9F9-4562-459C-BE79-C724CD3C39F4}.Release|x86.Build.0 = Release|Win32
		{785F3658-EFDB-4D1C-9660-B620F27012C7}.Debug(DLL)|Win32.ActiveCfg = Debug|Win32
		{785F3658-EFDB-4D1C-9660-B620F27012C7}.Debug(DLL)|Win32.Build.0 = Debug|Win32
		{785F3658-EFDB-4D1C-9660-B620F27012C7}.Debug(DLL)|x64.ActiveCfg = Debug|x64
		{785F3658-EFDB-4D1C-9660-B620F27012C7}.Debug(DLL)|x64.Build.0 = Debug|x64
		{785F3658-EFDB-4D1C-9660-B620F27012C7}.Debug(DLL)|x86.ActiveCfg = Debug|Win32
		{785F3658-EFDB-4D1C-9660-B620F27012C7}.Debug(DLL)|x86.Build.0 = Debug|Win32
		{785F3658-EFDB-4D1C-9660-B620F27012C7}.Debug(XP)|Win32.ActiveCfg = Debug|Win32
		{785F3658-EFDB-4D1C-9660-B620F27012C7}.Debug(XP)|Win32.Build.0 = Debug|Win32
		{785F3658-EFDB-4D1C-9660-B620F27012C7}.Debug(XP)|x64.ActiveCfg = Debug|x64
		{785F3658-EFDB-4D1C-9660-B620F27012C7}.Debug(XP)|x64.Build.0 = Debug|x64
		{785F3658-EFDB-4D1C-9660-B620F27012C7}.Debug(XP)|x86.ActiveCfg = Debug|Win32
		{785F3658-EFDB-4D1C-9660-B620F27012C7}.Debug(XP)|x86.Build.0 = Debug|Win32
		{785F3658-EFDB-4D1C-9660-B620F27012C7}.Debug|Win32.ActiveCfg = Debug|Win32
		{785F3658-EFDB-4D1C-9660-B620F27012C7}.Debug|Win32.Build.0 = Debug|Win32
		{785F3658-EFDB-4D1C-9660-B620F27012C7}.Debug|x64.ActiveCfg = Debug|x64
		{785F3658-EFDB-4D1C-9660-B620F27012C7}.Debug|x64.Build.0 = Debug|x64
		{785F3658-EFDB-4D1C-9660-B620F27012C7}.Debug|x86.ActiveCfg = Debug|Win32
		{785F3658-EFDB-4D1C-9660-B620F27012C7}.Debug|x86.Build.0 = Debug|Win32
		{785F3658-EFDB-4D1C-9660-B620F27012C7}.Release(DLL)|Win32.ActiveCfg = Release|Win32
		{785F3658-EFDB-4D1C-9660-B620F27012C7}.Release(DLL)|Win32.Build.0 = Release|Win32
		{785F3658-EFDB-4D1C-9660-B620F27012C7}.Release(DLL)|x64.ActiveCfg = Release|x64
		{785F3658-EFDB-4D1C-9660-B620F27012C7}.Release(DLL)|x64.Build.0 = Release|x64
		{785F3658-EFDB-4D1C-9660-B620F27012C7}.Release(DLL)|x86.ActiveCfg = Release|Win32
		{785F3658-EFDB-4D1C-9660-B620F27012C7}.Release(DLL)|x86.Build.0 = Release|Win32
		{785F3658-EFDB-4D1C-9660-B620F27012C7}.Release(XP)|Win32.ActiveCfg = Release|Win32
		{785F3658-EFDB-4D1C-9660-B620F27012C7}.Release(XP)|Win32.Build.0 = Release|Win32
		{785F3658-EFDB-4D1C-9660-B620F27012C7}.Release(XP)|x64.ActiveCfg = Release|x64
		{785F3658-EFDB-4D1C-9660-B620F27012C7}.Release(XP)|x64.Build.0 = Release|x64
		{785F3658-EFDB-4D1C-9660-B620F27012C7}.Release(XP)|x86.ActiveCfg = Release|Win32
		{785F3658-EFDB-4D1C-9660-B620F27012C7}.Release(XP)|x86.Build.0 = Release|Win32
		{785F3658-EFDB-4D1C-9660-B620F27012C7}.Release|Win32.ActiveCfg = Release|Win32
		{785F3658-EFDB-4D1C-9660-B620F27012C7}.Release|Win32.Build.0 = Release|Win32
		{785F3658-EFDB-4D1C-9660-B620F27012C7}.Release|x64.ActiveCfg = Release|x64
		{785F3658-EFDB-4D1C-9660-B620F27012C7}.Release|x64.Build.0 = Release|x64
		{785F3658-EFDB-4D1C-9660-B620F27012C7}.Release|x86.ActiveCfg = Release|Win32
		{785F3658-EFDB-4D1C-9660-B620F27012C7}.Release|x86.Build.0 = Release|Win32
		{A2C53563-46F5-4D87-903F-3F1F2FDB2DEB}.Debug(DLL)|Win32.ActiveCfg = Debug(DLL)|Win32
		{A2C53563-46F5-4D87-903F-3F1F2FDB2DEB}.Debug(DLL)|Win32.Build.0 = Debug(DLL)|Win32
		{A2C53563-46F5-4D87-903F-3F1F2FDB2DEB}.Debug(DLL)|x64.ActiveCfg = Debug(DLL)|x64
		{A2C53563-46F5-4D87-903F-3F1F2FDB2DEB}.Debug(DLL)|x64.Build.0 = Debug(DLL)|x64
		{A2C53563-46F5-4D87-903F-3F1F2FDB2DEB}.Debug(DLL)|x86.ActiveCfg = Debug(DLL)|Win32
		{A2C53563-46F5-4D87-903F-3F1F2FDB2DEB}.Debug(DLL)|x86.Build.0 = Debug(DLL)|Win32
		{A2C53563-46F5-4D87-903F-3F1F2FDB2DEB}.Debug(XP)|Win32.ActiveCfg = Debug(XP)|Win32
		{A2C53563-46F5-4D87-903F-3F1F2FDB2DEB}.Debug(XP)|Win32.Build.0 = Debug(XP)|Win32
		{A2C53563-46F5-4D87-903F-3F1F2FDB2DEB}.Debug(XP)|x64.ActiveCfg = Debug(XP)|x64
		{A2C53563-46F5-4D87-903F-3F1F2FDB2DEB}.Debug(XP)|x64.Build.0 = Debug(XP)|x64
		{A2C53563-46F5-4D87-903F-3F1F2FDB2DEB}.Debug(XP)|x86.ActiveCfg = Debug(XP)|Win32
		{A2C53563-46F5-4D87-903F-3F1F2FDB2DEB}.Debug(XP)|x86.Build.0 = Debug(XP)|Win32
		{A2C53563-46F5-4D87-903F-3F1F2FDB2DEB}.Debug|Win32.ActiveCfg = Debug|Win32
		{A2C53563-46F5-4D87-903F-3F1F2FDB2DEB}.Debug|Win32.Build.0 = Debug|Win32
		{A2C53563-46F5-4D87-903F-3F1F2FDB2DEB}.Debug|x64.ActiveCfg = Debug|x64
		{A2C53563-46F5-4D87-903F-3F1F2FDB2DEB}.Debug|x64.Build.0 = Debug|x64
		{A2C53563-46F5-4D87-903F-3F1F2FDB2DEB}.Debug|x86.ActiveCfg = Debug|Win32
		{A2C53563-46F5-4D87-903F-3F1F2FDB2DEB}.Debug|x86.Build.0 = Debug|Win32
		{A2C53563-46F5-4D87-903F-3F1F2FDB2DEB}.Release(DLL)|Win32.ActiveCfg = Release(DLL)|Win32
		{A2C53563-46F5-4D87-903F-3F1F2FDB2DEB}.Release(DLL)|Win32.Build.0 = Release(DLL)|Win32
		{A2C53563-46F5-4D87-903F-3F1F2FDB2DEB}.Release(DLL)|x64.ActiveCfg = Release(DLL)|x64
		{A2C53563-46F5-4D87-903F-3F1F2FDB2DEB}.Release(DLL)|x64.Build.0 = Release(DLL)|x64
		{A2C53563-46F5-4D87-903F-3F1F2FDB2DEB}.Release(DLL)|x86.ActiveCfg = Release(DLL)|Win32
		{A2C53563-46F5-4D87-903F-3F1F2FDB2DEB}.Release(DLL)|x86.Build.0 = Release(DLL)|Win32
		{A2C53563-46F5-4D87-903F-3F1F2FDB2DEB}.Release(XP)|Win32.ActiveCfg = Release(XP)|Win32
		{A2C53563-46F5-4D87-903F-3F1F2FDB2DEB}.Release(XP)|Win32.Build.0 = Release(XP)|Win32
		{A2C53563-46F5-4D87-903F-3F1F2FDB2DEB}.Release(XP)|x64.ActiveCfg = Release(XP)|x64
		{A2C53563-46F5-4D87-903F-3F1F2FDB2DEB}.Release(XP)|x64.Build.0 = Release(XP)|x64
		{A2C53563-46F5-4D87-903F-3F1F2FDB2DEB}.Release(XP)|x86.ActiveCfg = Release(XP)|Win32
		{A2C53563-46F5-4D87-903F-3F1F2FDB2DEB}.Release(XP)|x86.Build.0 = Release(XP)|Win32
		{A2C53563-46F5-4D87-903F-3F1F2FDB2DEB}.Release|Win32.ActiveCfg = Release|Win32
		{A2C53563-46F5-4D87-903F-3F1F2FDB2DEB}.Release|Win32.Build.0 = Release|Win32
		{A2C53563-46F5-4D87-903F-3F1F2FDB2DEB}.Release|x64.ActiveCfg = Release|x64
		{A2C53563-46F5-4D87-903F-3F1F2FDB2DEB}.Release|x64.Build.0 = Release|x64
		{A2C53563-46F5-4D87-903F-3F1F2FDB2DEB}.Release|x86.ActiveCfg = Release|Win32
		{A2C53563-46F5-4D87-903F-3F1F2FDB2DEB}.Release|x86.Build.0 = Release|Win32
	EndGlobalSection
	GlobalSection(SolutionProperties) = preSolution
		HideSolutionNode = FALSE
	EndGlobalSection
	GlobalSection(ExtensibilityGlobals) = postSolution
		SolutionGuid = {FA23DB8B-7FAB-4586-936D-4ADB4CD8B90E}
	EndGlobalSection
EndGlobal
